
Microsoft Visual Studio Solution File, Format Version 12.00
# Visual Studio Version 16
VisualStudioVersion = 16.0.29728.190
MinimumVisualStudioVersion = 10.0.40219.1
Project("{8BC9CEB8-8B4A-11D0-8D11-00A0C91BC942}") = "laba8", "laba8.vcxproj", "{9583624D-422F-47E0-BCF3-4867ECC3E513}"
EndProject
Global
	GlobalSection(SolutionConfigurationPlatforms) = preSolution
		Debug|x64 = Debug|x64
		Debug|x86 = Debug|x86
		Release|x64 = Release|x64
		Release|x86 = Release|x86
	EndGlobalSection
	GlobalSection(ProjectConfigurationPlatforms) = postSolution
		{9583624D-422F-47E0-BCF3-4867ECC3E513}.Debug|x64.ActiveCfg = Debug|x64
		{9583624D-422F-47E0-BCF3-4867ECC3E513}.Debug|x64.Build.0 = Debug|x64
		{9583624D-422F-47E0-BCF3-4867ECC3E513}.Debug|x86.ActiveCfg = Debug|Win32
		{9583624D-422F-47E0-BCF3-4867ECC3E513}.Debug|x86.Build.0 = Debug|Win32
		{9583624D-422F-47E0-BCF3-4867ECC3E513}.Release|x64.ActiveCfg = Release|x64
		{9583624D-422F-47E0-BCF3-4867ECC3E513}.Release|x64.Build.0 = Release|x64
		{9583624D-422F-47E0-BCF3-4867ECC3E513}.Release|x86.ActiveCfg = Release|Win32
		{9583624D-422F-47E0-BCF3-4867ECC3E513}.Release|x86.Build.0 = Release|Win32
	EndGlobalSection
	GlobalSection(SolutionProperties) = preSolution
		HideSolutionNode = FALSE
	EndGlobalSection
	GlobalSection(ExtensibilityGlobals) = postSolution
		SolutionGuid = {C4ECC1A2-B95D-4737-84E2-B67FBD5E782F}
	EndGlobalSection
EndGlobal
