
Microsoft Visual Studio Solution File, Format Version 12.00
# Visual Studio Version 16
VisualStudioVersion = 16.0.29728.190
MinimumVisualStudioVersion = 10.0.40219.1
Project("{8BC9CEB8-8B4A-11D0-8D11-00A0C91BC942}") = "laba 12", "laba 12.vcxproj", "{DE156204-F76B-42EA-A0EF-092CDAD07068}"
EndProject
Global
	GlobalSection(SolutionConfigurationPlatforms) = preSolution
		Debug|x64 = Debug|x64
		Debug|x86 = Debug|x86
		Release|x64 = Release|x64
		Release|x86 = Release|x86
	EndGlobalSection
	GlobalSection(ProjectConfigurationPlatforms) = postSolution
		{DE156204-F76B-42EA-A0EF-092CDAD07068}.Debug|x64.ActiveCfg = Debug|x64
		{DE156204-F76B-42EA-A0EF-092CDAD07068}.Debug|x64.Build.0 = Debug|x64
		{DE156204-F76B-42EA-A0EF-092CDAD07068}.Debug|x86.ActiveCfg = Debug|Win32
		{DE156204-F76B-42EA-A0EF-092CDAD07068}.Debug|x86.Build.0 = Debug|Win32
		{DE156204-F76B-42EA-A0EF-092CDAD07068}.Release|x64.ActiveCfg = Release|x64
		{DE156204-F76B-42EA-A0EF-092CDAD07068}.Release|x64.Build.0 = Release|x64
		{DE156204-F76B-42EA-A0EF-092CDAD07068}.Release|x86.ActiveCfg = Release|Win32
		{DE156204-F76B-42EA-A0EF-092CDAD07068}.Release|x86.Build.0 = Release|Win32
	EndGlobalSection
	GlobalSection(SolutionProperties) = preSolution
		HideSolutionNode = FALSE
	EndGlobalSection
	GlobalSection(ExtensibilityGlobals) = postSolution
		SolutionGuid = {C3E4C4C9-10EC-4B4D-BEEE-286D80655B6C}
	EndGlobalSection
EndGlobal
